
Microsoft Visual Studio Solution File, Format Version 12.00
# Visual Studio 15
VisualStudioVersion = 15.0.26730.12
MinimumVisualStudioVersion = 10.0.40219.1
Project("{2150E333-8FDC-42A3-9474-1A3956D46DE8}") = "Solution Items", "Solution Items", "{A616AD8D-B531-42A1-8046-A97BC7B94A4C}"
EndProject
Project("{FAE04EC0-301F-11D3-BF4B-00C04F79EFBC}") = "Arke.DependencyInjection", "Arke.DependencyInjection\Arke.DependencyInjection.csproj", "{DDFB82C1-8B92-446B-83E8-A7D51861A7CB}"
EndProject
Project("{FAE04EC0-301F-11D3-BF4B-00C04F79EFBC}") = "Arke.DSL", "Arke.DSL\Arke.DSL.csproj", "{2102E0A5-682E-4631-A527-4FD20274EF0A}"
EndProject
Project("{FAE04EC0-301F-11D3-BF4B-00C04F79EFBC}") = "Arke.ServiceHost", "Arke.ServiceHost\Arke.ServiceHost.csproj", "{49F710E3-1E40-403A-AFCF-F141D18728C7}"
EndProject
Project("{FAE04EC0-301F-11D3-BF4B-00C04F79EFBC}") = "Arke.Steps", "Arke.Steps\Arke.Steps.csproj", "{26E85621-A291-44DB-B55A-B842E58958AB}"
EndProject
Project("{FAE04EC0-301F-11D3-BF4B-00C04F79EFBC}") = "Arke.IVR", "Arke.IVR\Arke.IVR.csproj", "{61A02935-E611-43D0-BD25-1ED36AA8F78F}"
EndProject
Project("{FAE04EC0-301F-11D3-BF4B-00C04F79EFBC}") = "Arke.SipEngine", "Arke.SipEngine\Arke.SipEngine.csproj", "{C000C92E-F0F4-4A53-B8CC-FC038EAEC367}"
EndProject
Global
	GlobalSection(SolutionConfigurationPlatforms) = preSolution
		ARTEMIS|Any CPU = ARTEMIS|Any CPU
		ARTEMIS|x86 = ARTEMIS|x86
		Debug|Any CPU = Debug|Any CPU
		Debug|x86 = Debug|x86
		KeefeEngine|Any CPU = KeefeEngine|Any CPU
		KeefeEngine|x86 = KeefeEngine|x86
		Release|Any CPU = Release|Any CPU
		Release|x86 = Release|x86
	EndGlobalSection
	GlobalSection(ProjectConfigurationPlatforms) = postSolution
		{DDFB82C1-8B92-446B-83E8-A7D51861A7CB}.ARTEMIS|Any CPU.ActiveCfg = Debug|Any CPU
		{DDFB82C1-8B92-446B-83E8-A7D51861A7CB}.ARTEMIS|Any CPU.Build.0 = Debug|Any CPU
		{DDFB82C1-8B92-446B-83E8-A7D51861A7CB}.ARTEMIS|x86.ActiveCfg = Debug|Any CPU
		{DDFB82C1-8B92-446B-83E8-A7D51861A7CB}.ARTEMIS|x86.Build.0 = Debug|Any CPU
		{DDFB82C1-8B92-446B-83E8-A7D51861A7CB}.Debug|Any CPU.ActiveCfg = Debug|Any CPU
		{DDFB82C1-8B92-446B-83E8-A7D51861A7CB}.Debug|Any CPU.Build.0 = Debug|Any CPU
		{DDFB82C1-8B92-446B-83E8-A7D51861A7CB}.Debug|x86.ActiveCfg = Debug|Any CPU
		{DDFB82C1-8B92-446B-83E8-A7D51861A7CB}.Debug|x86.Build.0 = Debug|Any CPU
		{DDFB82C1-8B92-446B-83E8-A7D51861A7CB}.KeefeEngine|Any CPU.ActiveCfg = Debug|Any CPU
		{DDFB82C1-8B92-446B-83E8-A7D51861A7CB}.KeefeEngine|Any CPU.Build.0 = Debug|Any CPU
		{DDFB82C1-8B92-446B-83E8-A7D51861A7CB}.KeefeEngine|x86.ActiveCfg = Debug|Any CPU
		{DDFB82C1-8B92-446B-83E8-A7D51861A7CB}.KeefeEngine|x86.Build.0 = Debug|Any CPU
		{DDFB82C1-8B92-446B-83E8-A7D51861A7CB}.Release|Any CPU.ActiveCfg = Release|Any CPU
		{DDFB82C1-8B92-446B-83E8-A7D51861A7CB}.Release|Any CPU.Build.0 = Release|Any CPU
		{DDFB82C1-8B92-446B-83E8-A7D51861A7CB}.Release|x86.ActiveCfg = Release|Any CPU
		{DDFB82C1-8B92-446B-83E8-A7D51861A7CB}.Release|x86.Build.0 = Release|Any CPU
		{2102E0A5-682E-4631-A527-4FD20274EF0A}.ARTEMIS|Any CPU.ActiveCfg = Debug|Any CPU
		{2102E0A5-682E-4631-A527-4FD20274EF0A}.ARTEMIS|Any CPU.Build.0 = Debug|Any CPU
		{2102E0A5-682E-4631-A527-4FD20274EF0A}.ARTEMIS|x86.ActiveCfg = Debug|Any CPU
		{2102E0A5-682E-4631-A527-4FD20274EF0A}.ARTEMIS|x86.Build.0 = Debug|Any CPU
		{2102E0A5-682E-4631-A527-4FD20274EF0A}.Debug|Any CPU.ActiveCfg = Debug|Any CPU
		{2102E0A5-682E-4631-A527-4FD20274EF0A}.Debug|Any CPU.Build.0 = Debug|Any CPU
		{2102E0A5-682E-4631-A527-4FD20274EF0A}.Debug|x86.ActiveCfg = Debug|Any CPU
		{2102E0A5-682E-4631-A527-4FD20274EF0A}.Debug|x86.Build.0 = Debug|Any CPU
		{2102E0A5-682E-4631-A527-4FD20274EF0A}.KeefeEngine|Any CPU.ActiveCfg = Debug|Any CPU
		{2102E0A5-682E-4631-A527-4FD20274EF0A}.KeefeEngine|Any CPU.Build.0 = Debug|Any CPU
		{2102E0A5-682E-4631-A527-4FD20274EF0A}.KeefeEngine|x86.ActiveCfg = Debug|Any CPU
		{2102E0A5-682E-4631-A527-4FD20274EF0A}.KeefeEngine|x86.Build.0 = Debug|Any CPU
		{2102E0A5-682E-4631-A527-4FD20274EF0A}.Release|Any CPU.ActiveCfg = Release|Any CPU
		{2102E0A5-682E-4631-A527-4FD20274EF0A}.Release|Any CPU.Build.0 = Release|Any CPU
		{2102E0A5-682E-4631-A527-4FD20274EF0A}.Release|x86.ActiveCfg = Release|Any CPU
		{2102E0A5-682E-4631-A527-4FD20274EF0A}.Release|x86.Build.0 = Release|Any CPU
		{49F710E3-1E40-403A-AFCF-F141D18728C7}.ARTEMIS|Any CPU.ActiveCfg = Debug|Any CPU
		{49F710E3-1E40-403A-AFCF-F141D18728C7}.ARTEMIS|Any CPU.Build.0 = Debug|Any CPU
		{49F710E3-1E40-403A-AFCF-F141D18728C7}.ARTEMIS|x86.ActiveCfg = Debug|Any CPU
		{49F710E3-1E40-403A-AFCF-F141D18728C7}.ARTEMIS|x86.Build.0 = Debug|Any CPU
		{49F710E3-1E40-403A-AFCF-F141D18728C7}.Debug|Any CPU.ActiveCfg = Debug|Any CPU
		{49F710E3-1E40-403A-AFCF-F141D18728C7}.Debug|Any CPU.Build.0 = Debug|Any CPU
		{49F710E3-1E40-403A-AFCF-F141D18728C7}.Debug|x86.ActiveCfg = Debug|Any CPU
		{49F710E3-1E40-403A-AFCF-F141D18728C7}.Debug|x86.Build.0 = Debug|Any CPU
		{49F710E3-1E40-403A-AFCF-F141D18728C7}.KeefeEngine|Any CPU.ActiveCfg = Debug|Any CPU
		{49F710E3-1E40-403A-AFCF-F141D18728C7}.KeefeEngine|Any CPU.Build.0 = Debug|Any CPU
		{49F710E3-1E40-403A-AFCF-F141D18728C7}.KeefeEngine|x86.ActiveCfg = Debug|Any CPU
		{49F710E3-1E40-403A-AFCF-F141D18728C7}.KeefeEngine|x86.Build.0 = Debug|Any CPU
		{49F710E3-1E40-403A-AFCF-F141D18728C7}.Release|Any CPU.ActiveCfg = Release|Any CPU
		{49F710E3-1E40-403A-AFCF-F141D18728C7}.Release|Any CPU.Build.0 = Release|Any CPU
		{49F710E3-1E40-403A-AFCF-F141D18728C7}.Release|x86.ActiveCfg = Release|Any CPU
		{49F710E3-1E40-403A-AFCF-F141D18728C7}.Release|x86.Build.0 = Release|Any CPU
		{26E85621-A291-44DB-B55A-B842E58958AB}.ARTEMIS|Any CPU.ActiveCfg = Debug|Any CPU
		{26E85621-A291-44DB-B55A-B842E58958AB}.ARTEMIS|Any CPU.Build.0 = Debug|Any CPU
		{26E85621-A291-44DB-B55A-B842E58958AB}.ARTEMIS|x86.ActiveCfg = Debug|Any CPU
		{26E85621-A291-44DB-B55A-B842E58958AB}.ARTEMIS|x86.Build.0 = Debug|Any CPU
		{26E85621-A291-44DB-B55A-B842E58958AB}.Debug|Any CPU.ActiveCfg = Debug|Any CPU
		{26E85621-A291-44DB-B55A-B842E58958AB}.Debug|Any CPU.Build.0 = Debug|Any CPU
		{26E85621-A291-44DB-B55A-B842E58958AB}.Debug|x86.ActiveCfg = Debug|Any CPU
		{26E85621-A291-44DB-B55A-B842E58958AB}.Debug|x86.Build.0 = Debug|Any CPU
		{26E85621-A291-44DB-B55A-B842E58958AB}.KeefeEngine|Any CPU.ActiveCfg = Debug|Any CPU
		{26E85621-A291-44DB-B55A-B842E58958AB}.KeefeEngine|Any CPU.Build.0 = Debug|Any CPU
		{26E85621-A291-44DB-B55A-B842E58958AB}.KeefeEngine|x86.ActiveCfg = Debug|Any CPU
		{26E85621-A291-44DB-B55A-B842E58958AB}.KeefeEngine|x86.Build.0 = Debug|Any CPU
		{26E85621-A291-44DB-B55A-B842E58958AB}.Release|Any CPU.ActiveCfg = Release|Any CPU
		{26E85621-A291-44DB-B55A-B842E58958AB}.Release|Any CPU.Build.0 = Release|Any CPU
		{26E85621-A291-44DB-B55A-B842E58958AB}.Release|x86.ActiveCfg = Release|Any CPU
		{26E85621-A291-44DB-B55A-B842E58958AB}.Release|x86.Build.0 = Release|Any CPU
		{61A02935-E611-43D0-BD25-1ED36AA8F78F}.ARTEMIS|Any CPU.ActiveCfg = Debug|Any CPU
		{61A02935-E611-43D0-BD25-1ED36AA8F78F}.ARTEMIS|Any CPU.Build.0 = Debug|Any CPU
		{61A02935-E611-43D0-BD25-1ED36AA8F78F}.ARTEMIS|x86.ActiveCfg = Debug|Any CPU
		{61A02935-E611-43D0-BD25-1ED36AA8F78F}.ARTEMIS|x86.Build.0 = Debug|Any CPU
		{61A02935-E611-43D0-BD25-1ED36AA8F78F}.Debug|Any CPU.ActiveCfg = Debug|Any CPU
		{61A02935-E611-43D0-BD25-1ED36AA8F78F}.Debug|Any CPU.Build.0 = Debug|Any CPU
		{61A02935-E611-43D0-BD25-1ED36AA8F78F}.Debug|x86.ActiveCfg = Debug|Any CPU
		{61A02935-E611-43D0-BD25-1ED36AA8F78F}.Debug|x86.Build.0 = Debug|Any CPU
		{61A02935-E611-43D0-BD25-1ED36AA8F78F}.KeefeEngine|Any CPU.ActiveCfg = Debug|Any CPU
		{61A02935-E611-43D0-BD25-1ED36AA8F78F}.KeefeEngine|Any CPU.Build.0 = Debug|Any CPU
		{61A02935-E611-43D0-BD25-1ED36AA8F78F}.KeefeEngine|x86.ActiveCfg = Debug|Any CPU
		{61A02935-E611-43D0-BD25-1ED36AA8F78F}.KeefeEngine|x86.Build.0 = Debug|Any CPU
		{61A02935-E611-43D0-BD25-1ED36AA8F78F}.Release|Any CPU.ActiveCfg = Release|Any CPU
		{61A02935-E611-43D0-BD25-1ED36AA8F78F}.Release|Any CPU.Build.0 = Release|Any CPU
		{61A02935-E611-43D0-BD25-1ED36AA8F78F}.Release|x86.ActiveCfg = Release|Any CPU
		{61A02935-E611-43D0-BD25-1ED36AA8F78F}.Release|x86.Build.0 = Release|Any CPU
		{C000C92E-F0F4-4A53-B8CC-FC038EAEC367}.ARTEMIS|Any CPU.ActiveCfg = Debug|Any CPU
		{C000C92E-F0F4-4A53-B8CC-FC038EAEC367}.ARTEMIS|Any CPU.Build.0 = Debug|Any CPU
		{C000C92E-F0F4-4A53-B8CC-FC038EAEC367}.ARTEMIS|x86.ActiveCfg = Debug|Any CPU
		{C000C92E-F0F4-4A53-B8CC-FC038EAEC367}.ARTEMIS|x86.Build.0 = Debug|Any CPU
		{C000C92E-F0F4-4A53-B8CC-FC038EAEC367}.Debug|Any CPU.ActiveCfg = Debug|Any CPU
		{C000C92E-F0F4-4A53-B8CC-FC038EAEC367}.Debug|Any CPU.Build.0 = Debug|Any CPU
		{C000C92E-F0F4-4A53-B8CC-FC038EAEC367}.Debug|x86.ActiveCfg = Debug|Any CPU
		{C000C92E-F0F4-4A53-B8CC-FC038EAEC367}.Debug|x86.Build.0 = Debug|Any CPU
		{C000C92E-F0F4-4A53-B8CC-FC038EAEC367}.KeefeEngine|Any CPU.ActiveCfg = Debug|Any CPU
		{C000C92E-F0F4-4A53-B8CC-FC038EAEC367}.KeefeEngine|Any CPU.Build.0 = Debug|Any CPU
		{C000C92E-F0F4-4A53-B8CC-FC038EAEC367}.KeefeEngine|x86.ActiveCfg = Debug|Any CPU
		{C000C92E-F0F4-4A53-B8CC-FC038EAEC367}.KeefeEngine|x86.Build.0 = Debug|Any CPU
		{C000C92E-F0F4-4A53-B8CC-FC038EAEC367}.Release|Any CPU.ActiveCfg = Release|Any CPU
		{C000C92E-F0F4-4A53-B8CC-FC038EAEC367}.Release|Any CPU.Build.0 = Release|Any CPU
		{C000C92E-F0F4-4A53-B8CC-FC038EAEC367}.Release|x86.ActiveCfg = Release|Any CPU
		{C000C92E-F0F4-4A53-B8CC-FC038EAEC367}.Release|x86.Build.0 = Release|Any CPU
	EndGlobalSection
	GlobalSection(SolutionProperties) = preSolution
		HideSolutionNode = FALSE
	EndGlobalSection
	GlobalSection(ExtensibilityGlobals) = postSolution
		SolutionGuid = {F86DF924-114E-47F8-ACA5-E1A25FC7CE68}
	EndGlobalSection
EndGlobal
